
Microsoft Visual Studio Solution File, Format Version 12.00
# Visual Studio 15
VisualStudioVersion = 15.0.26730.12
MinimumVisualStudioVersion = 10.0.40219.1
Project("{FAE04EC0-301F-11D3-BF4B-00C04F79EFBC}") = "SteinsHook", "SteinsHook\SteinsHook.csproj", "{C8E7CB91-7FE8-45E4-899C-DA25F23250D2}"
EndProject
Project("{FAE04EC0-301F-11D3-BF4B-00C04F79EFBC}") = "SteinsHookTest", "SteinsHookTest\SteinsHookTest.csproj", "{9720C436-E0E8-466E-86F1-11AEF977F403}"
EndProject
Project("{FAE04EC0-301F-11D3-BF4B-00C04F79EFBC}") = "FFXHook", "FFXHook\FFXHook.csproj", "{29B4D177-EA94-4962-828E-B9AD3892632B}"
EndProject
Project("{FAE04EC0-301F-11D3-BF4B-00C04F79EFBC}") = "FFXHookTest", "FFXHookTest\FFXHookTest.csproj", "{AA6630AA-992D-4BB9-9F55-3B1969C2A0A7}"
EndProject
Project("{FAE04EC0-301F-11D3-BF4B-00C04F79EFBC}") = "DanganropaHook", "DanganropaHook\DanganropaHook.csproj", "{108DF343-953F-4162-BD81-49CD5E12269C}"
EndProject
Project("{FAE04EC0-301F-11D3-BF4B-00C04F79EFBC}") = "GinharuHook", "GinharuHook\GinharuHook.csproj", "{CC517670-3DB0-4B6A-B1E2-36B03A3EDF04}"
EndProject
Project("{FAE04EC0-301F-11D3-BF4B-00C04F79EFBC}") = "FFIXHook", "FFIXHook\FFIXHook.csproj", "{8CA9ED97-61D7-4EFA-B6FF-F25732E6E520}"
EndProject
Project("{FAE04EC0-301F-11D3-BF4B-00C04F79EFBC}") = "ED7ZeroHook", "ED7ZeroHook\ED7ZeroHook.csproj", "{C83252B6-A186-4E33-8134-5D872BC4F796}"
EndProject
Project("{FAE04EC0-301F-11D3-BF4B-00C04F79EFBC}") = "StardewHook", "StardewHook\StardewHook.csproj", "{770F9AD7-2650-4DBB-9E84-61947B260F3A}"
EndProject
Project("{FAE04EC0-301F-11D3-BF4B-00C04F79EFBC}") = "ED6SCHook", "ED6SCHook\ED6SCHook.csproj", "{F40045FA-5BD6-47B4-B826-7368D427C8EF}"
EndProject
Project("{FAE04EC0-301F-11D3-BF4B-00C04F79EFBC}") = "ED6BaseHook", "ED6BaseHook\ED6BaseHook.csproj", "{6756EF31-43B1-4EF3-BF79-139E27B131C9}"
EndProject
Project("{FAE04EC0-301F-11D3-BF4B-00C04F79EFBC}") = "ED7ZeroPCHook", "ED7ZeroPCHook\ED7ZeroPCHook.csproj", "{5307915C-B279-4C80-9290-45DDB4A6024C}"
EndProject
Project("{FAE04EC0-301F-11D3-BF4B-00C04F79EFBC}") = "WOFFHook", "WOFFHook\WOFFHook.csproj", "{976D1E43-54C3-4549-BFEE-C7A11E52FF16}"
EndProject
Project("{FAE04EC0-301F-11D3-BF4B-00C04F79EFBC}") = "ED6TCHook", "ED6TCHook\ED6TCHook.csproj", "{D3F1ADC1-2887-4562-9741-977AE5FAF8F9}"
EndProject
Project("{FAE04EC0-301F-11D3-BF4B-00C04F79EFBC}") = "BinExplorer", "BinExplorer\BinExplorer.csproj", "{D2A6870D-7F77-48B5-A105-0CEC940356EC}"
EndProject
Project("{FAE04EC0-301F-11D3-BF4B-00C04F79EFBC}") = "WOFFVoiceExtractor", "WOFFVoiceExtractor\WOFFVoiceExtractor.csproj", "{6B260A3E-47B7-4A81-9746-5E5A8F374C19}"
EndProject
Project("{FAE04EC0-301F-11D3-BF4B-00C04F79EFBC}") = "SoraVoiceHook", "SoraVoiceLib\SoraVoiceHook.csproj", "{210D7E5F-65D3-4867-A238-A253B3F83AD4}"
EndProject
Project("{FAE04EC0-301F-11D3-BF4B-00C04F79EFBC}") = "ED6ScriptAnalyzer", "ED6ScriptAnalyzer\ED6ScriptAnalyzer.csproj", "{9DFCC512-492D-46E9-BB36-7174E1592680}"
EndProject
Project("{FAE04EC0-301F-11D3-BF4B-00C04F79EFBC}") = "BinaryUtils", "BinaryUtils\BinaryUtils.csproj", "{75D3CB87-A2C3-40C9-A9C7-779C9535FF80}"
EndProject
Project("{FAE04EC0-301F-11D3-BF4B-00C04F79EFBC}") = "HookUtils", "HookUtils\HookUtils.csproj", "{DB18DB58-487D-45E5-B3EE-5474179B34C6}"
EndProject
Project("{FAE04EC0-301F-11D3-BF4B-00C04F79EFBC}") = "ED8ScriptAnalyzer", "ED8ScriptAnalyzer\ED8ScriptAnalyzer.csproj", "{C0B6A7FA-20C1-49BB-AA06-A3643572A8B6}"
EndProject
Global
	GlobalSection(SolutionConfigurationPlatforms) = preSolution
		64|Any CPU = 64|Any CPU
		64|x64 = 64|x64
		64|x86 = 64|x86
		Debug|Any CPU = Debug|Any CPU
		Debug|x64 = Debug|x64
		Debug|x86 = Debug|x86
		Release|Any CPU = Release|Any CPU
		Release|x64 = Release|x64
		Release|x86 = Release|x86
		tmp|Any CPU = tmp|Any CPU
		tmp|x64 = tmp|x64
		tmp|x86 = tmp|x86
	EndGlobalSection
	GlobalSection(ProjectConfigurationPlatforms) = postSolution
		{C8E7CB91-7FE8-45E4-899C-DA25F23250D2}.64|Any CPU.ActiveCfg = 64|Any CPU
		{C8E7CB91-7FE8-45E4-899C-DA25F23250D2}.64|Any CPU.Build.0 = 64|Any CPU
		{C8E7CB91-7FE8-45E4-899C-DA25F23250D2}.64|x64.ActiveCfg = 64|x64
		{C8E7CB91-7FE8-45E4-899C-DA25F23250D2}.64|x64.Build.0 = 64|x64
		{C8E7CB91-7FE8-45E4-899C-DA25F23250D2}.64|x86.ActiveCfg = 64|Any CPU
		{C8E7CB91-7FE8-45E4-899C-DA25F23250D2}.64|x86.Build.0 = 64|Any CPU
		{C8E7CB91-7FE8-45E4-899C-DA25F23250D2}.Debug|Any CPU.ActiveCfg = Debug|Any CPU
		{C8E7CB91-7FE8-45E4-899C-DA25F23250D2}.Debug|Any CPU.Build.0 = Debug|Any CPU
		{C8E7CB91-7FE8-45E4-899C-DA25F23250D2}.Debug|x64.ActiveCfg = Debug|x64
		{C8E7CB91-7FE8-45E4-899C-DA25F23250D2}.Debug|x64.Build.0 = Debug|x64
		{C8E7CB91-7FE8-45E4-899C-DA25F23250D2}.Debug|x86.ActiveCfg = Debug|Any CPU
		{C8E7CB91-7FE8-45E4-899C-DA25F23250D2}.Debug|x86.Build.0 = Debug|Any CPU
		{C8E7CB91-7FE8-45E4-899C-DA25F23250D2}.Release|Any CPU.ActiveCfg = Release|Any CPU
		{C8E7CB91-7FE8-45E4-899C-DA25F23250D2}.Release|Any CPU.Build.0 = Release|Any CPU
		{C8E7CB91-7FE8-45E4-899C-DA25F23250D2}.Release|x64.ActiveCfg = Release|x64
		{C8E7CB91-7FE8-45E4-899C-DA25F23250D2}.Release|x64.Build.0 = Release|x64
		{C8E7CB91-7FE8-45E4-899C-DA25F23250D2}.Release|x86.ActiveCfg = Release|Any CPU
		{C8E7CB91-7FE8-45E4-899C-DA25F23250D2}.Release|x86.Build.0 = Release|Any CPU
		{C8E7CB91-7FE8-45E4-899C-DA25F23250D2}.tmp|Any CPU.ActiveCfg = Release|Any CPU
		{C8E7CB91-7FE8-45E4-899C-DA25F23250D2}.tmp|Any CPU.Build.0 = Release|Any CPU
		{C8E7CB91-7FE8-45E4-899C-DA25F23250D2}.tmp|x64.ActiveCfg = Release|x64
		{C8E7CB91-7FE8-45E4-899C-DA25F23250D2}.tmp|x64.Build.0 = Release|x64
		{C8E7CB91-7FE8-45E4-899C-DA25F23250D2}.tmp|x86.ActiveCfg = Release|Any CPU
		{C8E7CB91-7FE8-45E4-899C-DA25F23250D2}.tmp|x86.Build.0 = Release|Any CPU
		{9720C436-E0E8-466E-86F1-11AEF977F403}.64|Any CPU.ActiveCfg = 64|Any CPU
		{9720C436-E0E8-466E-86F1-11AEF977F403}.64|Any CPU.Build.0 = 64|Any CPU
		{9720C436-E0E8-466E-86F1-11AEF977F403}.64|x64.ActiveCfg = 64|x64
		{9720C436-E0E8-466E-86F1-11AEF977F403}.64|x64.Build.0 = 64|x64
		{9720C436-E0E8-466E-86F1-11AEF977F403}.64|x86.ActiveCfg = 64|Any CPU
		{9720C436-E0E8-466E-86F1-11AEF977F403}.64|x86.Build.0 = 64|Any CPU
		{9720C436-E0E8-466E-86F1-11AEF977F403}.Debug|Any CPU.ActiveCfg = Debug|Any CPU
		{9720C436-E0E8-466E-86F1-11AEF977F403}.Debug|Any CPU.Build.0 = Debug|Any CPU
		{9720C436-E0E8-466E-86F1-11AEF977F403}.Debug|x64.ActiveCfg = Debug|x64
		{9720C436-E0E8-466E-86F1-11AEF977F403}.Debug|x64.Build.0 = Debug|x64
		{9720C436-E0E8-466E-86F1-11AEF977F403}.Debug|x86.ActiveCfg = Debug|Any CPU
		{9720C436-E0E8-466E-86F1-11AEF977F403}.Debug|x86.Build.0 = Debug|Any CPU
		{9720C436-E0E8-466E-86F1-11AEF977F403}.Release|Any CPU.ActiveCfg = Release|Any CPU
		{9720C436-E0E8-466E-86F1-11AEF977F403}.Release|Any CPU.Build.0 = Release|Any CPU
		{9720C436-E0E8-466E-86F1-11AEF977F403}.Release|x64.ActiveCfg = Release|x64
		{9720C436-E0E8-466E-86F1-11AEF977F403}.Release|x64.Build.0 = Release|x64
		{9720C436-E0E8-466E-86F1-11AEF977F403}.Release|x86.ActiveCfg = Release|Any CPU
		{9720C436-E0E8-466E-86F1-11AEF977F403}.Release|x86.Build.0 = Release|Any CPU
		{9720C436-E0E8-466E-86F1-11AEF977F403}.tmp|Any CPU.ActiveCfg = Release|Any CPU
		{9720C436-E0E8-466E-86F1-11AEF977F403}.tmp|Any CPU.Build.0 = Release|Any CPU
		{9720C436-E0E8-466E-86F1-11AEF977F403}.tmp|x64.ActiveCfg = Release|x64
		{9720C436-E0E8-466E-86F1-11AEF977F403}.tmp|x64.Build.0 = Release|x64
		{9720C436-E0E8-466E-86F1-11AEF977F403}.tmp|x86.ActiveCfg = Release|Any CPU
		{9720C436-E0E8-466E-86F1-11AEF977F403}.tmp|x86.Build.0 = Release|Any CPU
		{29B4D177-EA94-4962-828E-B9AD3892632B}.64|Any CPU.ActiveCfg = 64|Any CPU
		{29B4D177-EA94-4962-828E-B9AD3892632B}.64|Any CPU.Build.0 = 64|Any CPU
		{29B4D177-EA94-4962-828E-B9AD3892632B}.64|x64.ActiveCfg = 64|x64
		{29B4D177-EA94-4962-828E-B9AD3892632B}.64|x64.Build.0 = 64|x64
		{29B4D177-EA94-4962-828E-B9AD3892632B}.64|x86.ActiveCfg = 64|Any CPU
		{29B4D177-EA94-4962-828E-B9AD3892632B}.64|x86.Build.0 = 64|Any CPU
		{29B4D177-EA94-4962-828E-B9AD3892632B}.Debug|Any CPU.ActiveCfg = Debug|Any CPU
		{29B4D177-EA94-4962-828E-B9AD3892632B}.Debug|Any CPU.Build.0 = Debug|Any CPU
		{29B4D177-EA94-4962-828E-B9AD3892632B}.Debug|x64.ActiveCfg = Debug|x64
		{29B4D177-EA94-4962-828E-B9AD3892632B}.Debug|x64.Build.0 = Debug|x64
		{29B4D177-EA94-4962-828E-B9AD3892632B}.Debug|x86.ActiveCfg = Debug|Any CPU
		{29B4D177-EA94-4962-828E-B9AD3892632B}.Debug|x86.Build.0 = Debug|Any CPU
		{29B4D177-EA94-4962-828E-B9AD3892632B}.Release|Any CPU.ActiveCfg = Release|Any CPU
		{29B4D177-EA94-4962-828E-B9AD3892632B}.Release|Any CPU.Build.0 = Release|Any CPU
		{29B4D177-EA94-4962-828E-B9AD3892632B}.Release|x64.ActiveCfg = Release|x64
		{29B4D177-EA94-4962-828E-B9AD3892632B}.Release|x64.Build.0 = Release|x64
		{29B4D177-EA94-4962-828E-B9AD3892632B}.Release|x86.ActiveCfg = Release|Any CPU
		{29B4D177-EA94-4962-828E-B9AD3892632B}.Release|x86.Build.0 = Release|Any CPU
		{29B4D177-EA94-4962-828E-B9AD3892632B}.tmp|Any CPU.ActiveCfg = Release|Any CPU
		{29B4D177-EA94-4962-828E-B9AD3892632B}.tmp|Any CPU.Build.0 = Release|Any CPU
		{29B4D177-EA94-4962-828E-B9AD3892632B}.tmp|x64.ActiveCfg = Release|x64
		{29B4D177-EA94-4962-828E-B9AD3892632B}.tmp|x64.Build.0 = Release|x64
		{29B4D177-EA94-4962-828E-B9AD3892632B}.tmp|x86.ActiveCfg = Release|Any CPU
		{29B4D177-EA94-4962-828E-B9AD3892632B}.tmp|x86.Build.0 = Release|Any CPU
		{AA6630AA-992D-4BB9-9F55-3B1969C2A0A7}.64|Any CPU.ActiveCfg = 64|Any CPU
		{AA6630AA-992D-4BB9-9F55-3B1969C2A0A7}.64|Any CPU.Build.0 = 64|Any CPU
		{AA6630AA-992D-4BB9-9F55-3B1969C2A0A7}.64|x64.ActiveCfg = 64|x64
		{AA6630AA-992D-4BB9-9F55-3B1969C2A0A7}.64|x64.Build.0 = 64|x64
		{AA6630AA-992D-4BB9-9F55-3B1969C2A0A7}.64|x86.ActiveCfg = 64|Any CPU
		{AA6630AA-992D-4BB9-9F55-3B1969C2A0A7}.64|x86.Build.0 = 64|Any CPU
		{AA6630AA-992D-4BB9-9F55-3B1969C2A0A7}.Debug|Any CPU.ActiveCfg = Debug|Any CPU
		{AA6630AA-992D-4BB9-9F55-3B1969C2A0A7}.Debug|Any CPU.Build.0 = Debug|Any CPU
		{AA6630AA-992D-4BB9-9F55-3B1969C2A0A7}.Debug|x64.ActiveCfg = Debug|x64
		{AA6630AA-992D-4BB9-9F55-3B1969C2A0A7}.Debug|x64.Build.0 = Debug|x64
		{AA6630AA-992D-4BB9-9F55-3B1969C2A0A7}.Debug|x86.ActiveCfg = Debug|Any CPU
		{AA6630AA-992D-4BB9-9F55-3B1969C2A0A7}.Debug|x86.Build.0 = Debug|Any CPU
		{AA6630AA-992D-4BB9-9F55-3B1969C2A0A7}.Release|Any CPU.ActiveCfg = Release|Any CPU
		{AA6630AA-992D-4BB9-9F55-3B1969C2A0A7}.Release|Any CPU.Build.0 = Release|Any CPU
		{AA6630AA-992D-4BB9-9F55-3B1969C2A0A7}.Release|x64.ActiveCfg = Release|x64
		{AA6630AA-992D-4BB9-9F55-3B1969C2A0A7}.Release|x64.Build.0 = Release|x64
		{AA6630AA-992D-4BB9-9F55-3B1969C2A0A7}.Release|x86.ActiveCfg = Release|Any CPU
		{AA6630AA-992D-4BB9-9F55-3B1969C2A0A7}.Release|x86.Build.0 = Release|Any CPU
		{AA6630AA-992D-4BB9-9F55-3B1969C2A0A7}.tmp|Any CPU.ActiveCfg = Release|Any CPU
		{AA6630AA-992D-4BB9-9F55-3B1969C2A0A7}.tmp|Any CPU.Build.0 = Release|Any CPU
		{AA6630AA-992D-4BB9-9F55-3B1969C2A0A7}.tmp|x64.ActiveCfg = Release|x64
		{AA6630AA-992D-4BB9-9F55-3B1969C2A0A7}.tmp|x64.Build.0 = Release|x64
		{AA6630AA-992D-4BB9-9F55-3B1969C2A0A7}.tmp|x86.ActiveCfg = Release|Any CPU
		{AA6630AA-992D-4BB9-9F55-3B1969C2A0A7}.tmp|x86.Build.0 = Release|Any CPU
		{108DF343-953F-4162-BD81-49CD5E12269C}.64|Any CPU.ActiveCfg = 64|Any CPU
		{108DF343-953F-4162-BD81-49CD5E12269C}.64|Any CPU.Build.0 = 64|Any CPU
		{108DF343-953F-4162-BD81-49CD5E12269C}.64|x64.ActiveCfg = 64|x64
		{108DF343-953F-4162-BD81-49CD5E12269C}.64|x64.Build.0 = 64|x64
		{108DF343-953F-4162-BD81-49CD5E12269C}.64|x86.ActiveCfg = 64|Any CPU
		{108DF343-953F-4162-BD81-49CD5E12269C}.64|x86.Build.0 = 64|Any CPU
		{108DF343-953F-4162-BD81-49CD5E12269C}.Debug|Any CPU.ActiveCfg = Debug|Any CPU
		{108DF343-953F-4162-BD81-49CD5E12269C}.Debug|Any CPU.Build.0 = Debug|Any CPU
		{108DF343-953F-4162-BD81-49CD5E12269C}.Debug|x64.ActiveCfg = Debug|x64
		{108DF343-953F-4162-BD81-49CD5E12269C}.Debug|x64.Build.0 = Debug|x64
		{108DF343-953F-4162-BD81-49CD5E12269C}.Debug|x86.ActiveCfg = Debug|Any CPU
		{108DF343-953F-4162-BD81-49CD5E12269C}.Debug|x86.Build.0 = Debug|Any CPU
		{108DF343-953F-4162-BD81-49CD5E12269C}.Release|Any CPU.ActiveCfg = Release|Any CPU
		{108DF343-953F-4162-BD81-49CD5E12269C}.Release|Any CPU.Build.0 = Release|Any CPU
		{108DF343-953F-4162-BD81-49CD5E12269C}.Release|x64.ActiveCfg = Release|x64
		{108DF343-953F-4162-BD81-49CD5E12269C}.Release|x64.Build.0 = Release|x64
		{108DF343-953F-4162-BD81-49CD5E12269C}.Release|x86.ActiveCfg = Release|Any CPU
		{108DF343-953F-4162-BD81-49CD5E12269C}.Release|x86.Build.0 = Release|Any CPU
		{108DF343-953F-4162-BD81-49CD5E12269C}.tmp|Any CPU.ActiveCfg = Release|Any CPU
		{108DF343-953F-4162-BD81-49CD5E12269C}.tmp|Any CPU.Build.0 = Release|Any CPU
		{108DF343-953F-4162-BD81-49CD5E12269C}.tmp|x64.ActiveCfg = Release|x64
		{108DF343-953F-4162-BD81-49CD5E12269C}.tmp|x64.Build.0 = Release|x64
		{108DF343-953F-4162-BD81-49CD5E12269C}.tmp|x86.ActiveCfg = Release|Any CPU
		{108DF343-953F-4162-BD81-49CD5E12269C}.tmp|x86.Build.0 = Release|Any CPU
		{CC517670-3DB0-4B6A-B1E2-36B03A3EDF04}.64|Any CPU.ActiveCfg = 64|Any CPU
		{CC517670-3DB0-4B6A-B1E2-36B03A3EDF04}.64|Any CPU.Build.0 = 64|Any CPU
		{CC517670-3DB0-4B6A-B1E2-36B03A3EDF04}.64|x64.ActiveCfg = 64|x64
		{CC517670-3DB0-4B6A-B1E2-36B03A3EDF04}.64|x64.Build.0 = 64|x64
		{CC517670-3DB0-4B6A-B1E2-36B03A3EDF04}.64|x86.ActiveCfg = 64|Any CPU
		{CC517670-3DB0-4B6A-B1E2-36B03A3EDF04}.64|x86.Build.0 = 64|Any CPU
		{CC517670-3DB0-4B6A-B1E2-36B03A3EDF04}.Debug|Any CPU.ActiveCfg = Debug|Any CPU
		{CC517670-3DB0-4B6A-B1E2-36B03A3EDF04}.Debug|Any CPU.Build.0 = Debug|Any CPU
		{CC517670-3DB0-4B6A-B1E2-36B03A3EDF04}.Debug|x64.ActiveCfg = Debug|x64
		{CC517670-3DB0-4B6A-B1E2-36B03A3EDF04}.Debug|x64.Build.0 = Debug|x64
		{CC517670-3DB0-4B6A-B1E2-36B03A3EDF04}.Debug|x86.ActiveCfg = Debug|Any CPU
		{CC517670-3DB0-4B6A-B1E2-36B03A3EDF04}.Debug|x86.Build.0 = Debug|Any CPU
		{CC517670-3DB0-4B6A-B1E2-36B03A3EDF04}.Release|Any CPU.ActiveCfg = Release|Any CPU
		{CC517670-3DB0-4B6A-B1E2-36B03A3EDF04}.Release|Any CPU.Build.0 = Release|Any CPU
		{CC517670-3DB0-4B6A-B1E2-36B03A3EDF04}.Release|x64.ActiveCfg = Release|x64
		{CC517670-3DB0-4B6A-B1E2-36B03A3EDF04}.Release|x64.Build.0 = Release|x64
		{CC517670-3DB0-4B6A-B1E2-36B03A3EDF04}.Release|x86.ActiveCfg = Release|Any CPU
		{CC517670-3DB0-4B6A-B1E2-36B03A3EDF04}.Release|x86.Build.0 = Release|Any CPU
		{CC517670-3DB0-4B6A-B1E2-36B03A3EDF04}.tmp|Any CPU.ActiveCfg = Release|Any CPU
		{CC517670-3DB0-4B6A-B1E2-36B03A3EDF04}.tmp|Any CPU.Build.0 = Release|Any CPU
		{CC517670-3DB0-4B6A-B1E2-36B03A3EDF04}.tmp|x64.ActiveCfg = Release|x64
		{CC517670-3DB0-4B6A-B1E2-36B03A3EDF04}.tmp|x64.Build.0 = Release|x64
		{CC517670-3DB0-4B6A-B1E2-36B03A3EDF04}.tmp|x86.ActiveCfg = Release|Any CPU
		{CC517670-3DB0-4B6A-B1E2-36B03A3EDF04}.tmp|x86.Build.0 = Release|Any CPU
		{8CA9ED97-61D7-4EFA-B6FF-F25732E6E520}.64|Any CPU.ActiveCfg = 64|Any CPU
		{8CA9ED97-61D7-4EFA-B6FF-F25732E6E520}.64|Any CPU.Build.0 = 64|Any CPU
		{8CA9ED97-61D7-4EFA-B6FF-F25732E6E520}.64|x64.ActiveCfg = 64|x64
		{8CA9ED97-61D7-4EFA-B6FF-F25732E6E520}.64|x64.Build.0 = 64|x64
		{8CA9ED97-61D7-4EFA-B6FF-F25732E6E520}.64|x86.ActiveCfg = 64|Any CPU
		{8CA9ED97-61D7-4EFA-B6FF-F25732E6E520}.64|x86.Build.0 = 64|Any CPU
		{8CA9ED97-61D7-4EFA-B6FF-F25732E6E520}.Debug|Any CPU.ActiveCfg = Debug|Any CPU
		{8CA9ED97-61D7-4EFA-B6FF-F25732E6E520}.Debug|Any CPU.Build.0 = Debug|Any CPU
		{8CA9ED97-61D7-4EFA-B6FF-F25732E6E520}.Debug|x64.ActiveCfg = Debug|x64
		{8CA9ED97-61D7-4EFA-B6FF-F25732E6E520}.Debug|x64.Build.0 = Debug|x64
		{8CA9ED97-61D7-4EFA-B6FF-F25732E6E520}.Debug|x86.ActiveCfg = Debug|Any CPU
		{8CA9ED97-61D7-4EFA-B6FF-F25732E6E520}.Debug|x86.Build.0 = Debug|Any CPU
		{8CA9ED97-61D7-4EFA-B6FF-F25732E6E520}.Release|Any CPU.ActiveCfg = Release|Any CPU
		{8CA9ED97-61D7-4EFA-B6FF-F25732E6E520}.Release|Any CPU.Build.0 = Release|Any CPU
		{8CA9ED97-61D7-4EFA-B6FF-F25732E6E520}.Release|x64.ActiveCfg = Release|x64
		{8CA9ED97-61D7-4EFA-B6FF-F25732E6E520}.Release|x64.Build.0 = Release|x64
		{8CA9ED97-61D7-4EFA-B6FF-F25732E6E520}.Release|x86.ActiveCfg = Release|Any CPU
		{8CA9ED97-61D7-4EFA-B6FF-F25732E6E520}.Release|x86.Build.0 = Release|Any CPU
		{8CA9ED97-61D7-4EFA-B6FF-F25732E6E520}.tmp|Any CPU.ActiveCfg = Release|Any CPU
		{8CA9ED97-61D7-4EFA-B6FF-F25732E6E520}.tmp|Any CPU.Build.0 = Release|Any CPU
		{8CA9ED97-61D7-4EFA-B6FF-F25732E6E520}.tmp|x64.ActiveCfg = Release|x64
		{8CA9ED97-61D7-4EFA-B6FF-F25732E6E520}.tmp|x64.Build.0 = Release|x64
		{8CA9ED97-61D7-4EFA-B6FF-F25732E6E520}.tmp|x86.ActiveCfg = Release|Any CPU
		{8CA9ED97-61D7-4EFA-B6FF-F25732E6E520}.tmp|x86.Build.0 = Release|Any CPU
		{C83252B6-A186-4E33-8134-5D872BC4F796}.64|Any CPU.ActiveCfg = 64|Any CPU
		{C83252B6-A186-4E33-8134-5D872BC4F796}.64|Any CPU.Build.0 = 64|Any CPU
		{C83252B6-A186-4E33-8134-5D872BC4F796}.64|x64.ActiveCfg = 64|x64
		{C83252B6-A186-4E33-8134-5D872BC4F796}.64|x64.Build.0 = 64|x64
		{C83252B6-A186-4E33-8134-5D872BC4F796}.64|x86.ActiveCfg = 64|Any CPU
		{C83252B6-A186-4E33-8134-5D872BC4F796}.64|x86.Build.0 = 64|Any CPU
		{C83252B6-A186-4E33-8134-5D872BC4F796}.Debug|Any CPU.ActiveCfg = Debug|Any CPU
		{C83252B6-A186-4E33-8134-5D872BC4F796}.Debug|Any CPU.Build.0 = Debug|Any CPU
		{C83252B6-A186-4E33-8134-5D872BC4F796}.Debug|x64.ActiveCfg = Debug|x64
		{C83252B6-A186-4E33-8134-5D872BC4F796}.Debug|x64.Build.0 = Debug|x64
		{C83252B6-A186-4E33-8134-5D872BC4F796}.Debug|x86.ActiveCfg = Debug|Any CPU
		{C83252B6-A186-4E33-8134-5D872BC4F796}.Debug|x86.Build.0 = Debug|Any CPU
		{C83252B6-A186-4E33-8134-5D872BC4F796}.Release|Any CPU.ActiveCfg = Release|Any CPU
		{C83252B6-A186-4E33-8134-5D872BC4F796}.Release|Any CPU.Build.0 = Release|Any CPU
		{C83252B6-A186-4E33-8134-5D872BC4F796}.Release|x64.ActiveCfg = Release|Any CPU
		{C83252B6-A186-4E33-8134-5D872BC4F796}.Release|x64.Build.0 = Release|Any CPU
		{C83252B6-A186-4E33-8134-5D872BC4F796}.Release|x86.ActiveCfg = Release|Any CPU
		{C83252B6-A186-4E33-8134-5D872BC4F796}.Release|x86.Build.0 = Release|Any CPU
		{C83252B6-A186-4E33-8134-5D872BC4F796}.tmp|Any CPU.ActiveCfg = Release|Any CPU
		{C83252B6-A186-4E33-8134-5D872BC4F796}.tmp|Any CPU.Build.0 = Release|Any CPU
		{C83252B6-A186-4E33-8134-5D872BC4F796}.tmp|x64.ActiveCfg = Release|Any CPU
		{C83252B6-A186-4E33-8134-5D872BC4F796}.tmp|x64.Build.0 = Release|Any CPU
		{C83252B6-A186-4E33-8134-5D872BC4F796}.tmp|x86.ActiveCfg = Release|Any CPU
		{C83252B6-A186-4E33-8134-5D872BC4F796}.tmp|x86.Build.0 = Release|Any CPU
		{770F9AD7-2650-4DBB-9E84-61947B260F3A}.64|Any CPU.ActiveCfg = Release|Any CPU
		{770F9AD7-2650-4DBB-9E84-61947B260F3A}.64|Any CPU.Build.0 = Release|Any CPU
		{770F9AD7-2650-4DBB-9E84-61947B260F3A}.64|x64.ActiveCfg = Release|Any CPU
		{770F9AD7-2650-4DBB-9E84-61947B260F3A}.64|x64.Build.0 = Release|Any CPU
		{770F9AD7-2650-4DBB-9E84-61947B260F3A}.64|x86.ActiveCfg = Debug|Any CPU
		{770F9AD7-2650-4DBB-9E84-61947B260F3A}.64|x86.Build.0 = Debug|Any CPU
		{770F9AD7-2650-4DBB-9E84-61947B260F3A}.Debug|Any CPU.ActiveCfg = Debug|Any CPU
		{770F9AD7-2650-4DBB-9E84-61947B260F3A}.Debug|Any CPU.Build.0 = Debug|Any CPU
		{770F9AD7-2650-4DBB-9E84-61947B260F3A}.Debug|x64.ActiveCfg = Debug|Any CPU
		{770F9AD7-2650-4DBB-9E84-61947B260F3A}.Debug|x64.Build.0 = Debug|Any CPU
		{770F9AD7-2650-4DBB-9E84-61947B260F3A}.Debug|x86.ActiveCfg = Debug|Any CPU
		{770F9AD7-2650-4DBB-9E84-61947B260F3A}.Debug|x86.Build.0 = Debug|Any CPU
		{770F9AD7-2650-4DBB-9E84-61947B260F3A}.Release|Any CPU.ActiveCfg = Release|Any CPU
		{770F9AD7-2650-4DBB-9E84-61947B260F3A}.Release|Any CPU.Build.0 = Release|Any CPU
		{770F9AD7-2650-4DBB-9E84-61947B260F3A}.Release|x64.ActiveCfg = Release|Any CPU
		{770F9AD7-2650-4DBB-9E84-61947B260F3A}.Release|x64.Build.0 = Release|Any CPU
		{770F9AD7-2650-4DBB-9E84-61947B260F3A}.Release|x86.ActiveCfg = Release|Any CPU
		{770F9AD7-2650-4DBB-9E84-61947B260F3A}.Release|x86.Build.0 = Release|Any CPU
		{770F9AD7-2650-4DBB-9E84-61947B260F3A}.tmp|Any CPU.ActiveCfg = Release|Any CPU
		{770F9AD7-2650-4DBB-9E84-61947B260F3A}.tmp|Any CPU.Build.0 = Release|Any CPU
		{770F9AD7-2650-4DBB-9E84-61947B260F3A}.tmp|x64.ActiveCfg = Release|Any CPU
		{770F9AD7-2650-4DBB-9E84-61947B260F3A}.tmp|x64.Build.0 = Release|Any CPU
		{770F9AD7-2650-4DBB-9E84-61947B260F3A}.tmp|x86.ActiveCfg = Debug|Any CPU
		{770F9AD7-2650-4DBB-9E84-61947B260F3A}.tmp|x86.Build.0 = Debug|Any CPU
		{F40045FA-5BD6-47B4-B826-7368D427C8EF}.64|Any CPU.ActiveCfg = Release|Any CPU
		{F40045FA-5BD6-47B4-B826-7368D427C8EF}.64|Any CPU.Build.0 = Release|Any CPU
		{F40045FA-5BD6-47B4-B826-7368D427C8EF}.64|x64.ActiveCfg = Release|Any CPU
		{F40045FA-5BD6-47B4-B826-7368D427C8EF}.64|x64.Build.0 = Release|Any CPU
		{F40045FA-5BD6-47B4-B826-7368D427C8EF}.64|x86.ActiveCfg = Debug|Any CPU
		{F40045FA-5BD6-47B4-B826-7368D427C8EF}.64|x86.Build.0 = Debug|Any CPU
		{F40045FA-5BD6-47B4-B826-7368D427C8EF}.Debug|Any CPU.ActiveCfg = Debug|Any CPU
		{F40045FA-5BD6-47B4-B826-7368D427C8EF}.Debug|Any CPU.Build.0 = Debug|Any CPU
		{F40045FA-5BD6-47B4-B826-7368D427C8EF}.Debug|x64.ActiveCfg = Debug|Any CPU
		{F40045FA-5BD6-47B4-B826-7368D427C8EF}.Debug|x64.Build.0 = Debug|Any CPU
		{F40045FA-5BD6-47B4-B826-7368D427C8EF}.Debug|x86.ActiveCfg = Debug|Any CPU
		{F40045FA-5BD6-47B4-B826-7368D427C8EF}.Debug|x86.Build.0 = Debug|Any CPU
		{F40045FA-5BD6-47B4-B826-7368D427C8EF}.Release|Any CPU.ActiveCfg = Release|Any CPU
		{F40045FA-5BD6-47B4-B826-7368D427C8EF}.Release|Any CPU.Build.0 = Release|Any CPU
		{F40045FA-5BD6-47B4-B826-7368D427C8EF}.Release|x64.ActiveCfg = Release|Any CPU
		{F40045FA-5BD6-47B4-B826-7368D427C8EF}.Release|x64.Build.0 = Release|Any CPU
		{F40045FA-5BD6-47B4-B826-7368D427C8EF}.Release|x86.ActiveCfg = Release|Any CPU
		{F40045FA-5BD6-47B4-B826-7368D427C8EF}.Release|x86.Build.0 = Release|Any CPU
		{F40045FA-5BD6-47B4-B826-7368D427C8EF}.tmp|Any CPU.ActiveCfg = Release|Any CPU
		{F40045FA-5BD6-47B4-B826-7368D427C8EF}.tmp|Any CPU.Build.0 = Release|Any CPU
		{F40045FA-5BD6-47B4-B826-7368D427C8EF}.tmp|x64.ActiveCfg = Release|Any CPU
		{F40045FA-5BD6-47B4-B826-7368D427C8EF}.tmp|x64.Build.0 = Release|Any CPU
		{F40045FA-5BD6-47B4-B826-7368D427C8EF}.tmp|x86.ActiveCfg = Debug|Any CPU
		{F40045FA-5BD6-47B4-B826-7368D427C8EF}.tmp|x86.Build.0 = Debug|Any CPU
		{6756EF31-43B1-4EF3-BF79-139E27B131C9}.64|Any CPU.ActiveCfg = 64|Any CPU
		{6756EF31-43B1-4EF3-BF79-139E27B131C9}.64|Any CPU.Build.0 = 64|Any CPU
		{6756EF31-43B1-4EF3-BF79-139E27B131C9}.64|x64.ActiveCfg = 64|x64
		{6756EF31-43B1-4EF3-BF79-139E27B131C9}.64|x64.Build.0 = 64|x64
		{6756EF31-43B1-4EF3-BF79-139E27B131C9}.64|x86.ActiveCfg = 64|Any CPU
		{6756EF31-43B1-4EF3-BF79-139E27B131C9}.64|x86.Build.0 = 64|Any CPU
		{6756EF31-43B1-4EF3-BF79-139E27B131C9}.Debug|Any CPU.ActiveCfg = Debug|Any CPU
		{6756EF31-43B1-4EF3-BF79-139E27B131C9}.Debug|Any CPU.Build.0 = Debug|Any CPU
		{6756EF31-43B1-4EF3-BF79-139E27B131C9}.Debug|x64.ActiveCfg = Debug|x64
		{6756EF31-43B1-4EF3-BF79-139E27B131C9}.Debug|x64.Build.0 = Debug|x64
		{6756EF31-43B1-4EF3-BF79-139E27B131C9}.Debug|x86.ActiveCfg = Debug|Any CPU
		{6756EF31-43B1-4EF3-BF79-139E27B131C9}.Debug|x86.Build.0 = Debug|Any CPU
		{6756EF31-43B1-4EF3-BF79-139E27B131C9}.Release|Any CPU.ActiveCfg = Release|Any CPU
		{6756EF31-43B1-4EF3-BF79-139E27B131C9}.Release|Any CPU.Build.0 = Release|Any CPU
		{6756EF31-43B1-4EF3-BF79-139E27B131C9}.Release|x64.ActiveCfg = Release|x64
		{6756EF31-43B1-4EF3-BF79-139E27B131C9}.Release|x64.Build.0 = Release|x64
		{6756EF31-43B1-4EF3-BF79-139E27B131C9}.Release|x86.ActiveCfg = Release|Any CPU
		{6756EF31-43B1-4EF3-BF79-139E27B131C9}.Release|x86.Build.0 = Release|Any CPU
		{6756EF31-43B1-4EF3-BF79-139E27B131C9}.tmp|Any CPU.ActiveCfg = 64|Any CPU
		{6756EF31-43B1-4EF3-BF79-139E27B131C9}.tmp|Any CPU.Build.0 = 64|Any CPU
		{6756EF31-43B1-4EF3-BF79-139E27B131C9}.tmp|x64.ActiveCfg = 64|x64
		{6756EF31-43B1-4EF3-BF79-139E27B131C9}.tmp|x64.Build.0 = 64|x64
		{6756EF31-43B1-4EF3-BF79-139E27B131C9}.tmp|x86.ActiveCfg = Release|Any CPU
		{6756EF31-43B1-4EF3-BF79-139E27B131C9}.tmp|x86.Build.0 = Release|Any CPU
		{5307915C-B279-4C80-9290-45DDB4A6024C}.64|Any CPU.ActiveCfg = Release|Any CPU
		{5307915C-B279-4C80-9290-45DDB4A6024C}.64|Any CPU.Build.0 = Release|Any CPU
		{5307915C-B279-4C80-9290-45DDB4A6024C}.64|x64.ActiveCfg = Release|Any CPU
		{5307915C-B279-4C80-9290-45DDB4A6024C}.64|x64.Build.0 = Release|Any CPU
		{5307915C-B279-4C80-9290-45DDB4A6024C}.64|x86.ActiveCfg = Debug|Any CPU
		{5307915C-B279-4C80-9290-45DDB4A6024C}.64|x86.Build.0 = Debug|Any CPU
		{5307915C-B279-4C80-9290-45DDB4A6024C}.Debug|Any CPU.ActiveCfg = Debug|Any CPU
		{5307915C-B279-4C80-9290-45DDB4A6024C}.Debug|Any CPU.Build.0 = Debug|Any CPU
		{5307915C-B279-4C80-9290-45DDB4A6024C}.Debug|x64.ActiveCfg = Debug|Any CPU
		{5307915C-B279-4C80-9290-45DDB4A6024C}.Debug|x64.Build.0 = Debug|Any CPU
		{5307915C-B279-4C80-9290-45DDB4A6024C}.Debug|x86.ActiveCfg = Debug|Any CPU
		{5307915C-B279-4C80-9290-45DDB4A6024C}.Debug|x86.Build.0 = Debug|Any CPU
		{5307915C-B279-4C80-9290-45DDB4A6024C}.Release|Any CPU.ActiveCfg = Release|Any CPU
		{5307915C-B279-4C80-9290-45DDB4A6024C}.Release|Any CPU.Build.0 = Release|Any CPU
		{5307915C-B279-4C80-9290-45DDB4A6024C}.Release|x64.ActiveCfg = Release|Any CPU
		{5307915C-B279-4C80-9290-45DDB4A6024C}.Release|x64.Build.0 = Release|Any CPU
		{5307915C-B279-4C80-9290-45DDB4A6024C}.Release|x86.ActiveCfg = Release|Any CPU
		{5307915C-B279-4C80-9290-45DDB4A6024C}.Release|x86.Build.0 = Release|Any CPU
		{5307915C-B279-4C80-9290-45DDB4A6024C}.tmp|Any CPU.ActiveCfg = Release|Any CPU
		{5307915C-B279-4C80-9290-45DDB4A6024C}.tmp|Any CPU.Build.0 = Release|Any CPU
		{5307915C-B279-4C80-9290-45DDB4A6024C}.tmp|x64.ActiveCfg = Release|Any CPU
		{5307915C-B279-4C80-9290-45DDB4A6024C}.tmp|x64.Build.0 = Release|Any CPU
		{5307915C-B279-4C80-9290-45DDB4A6024C}.tmp|x86.ActiveCfg = Debug|Any CPU
		{5307915C-B279-4C80-9290-45DDB4A6024C}.tmp|x86.Build.0 = Debug|Any CPU
		{976D1E43-54C3-4549-BFEE-C7A11E52FF16}.64|Any CPU.ActiveCfg = Release|Any CPU
		{976D1E43-54C3-4549-BFEE-C7A11E52FF16}.64|Any CPU.Build.0 = Release|Any CPU
		{976D1E43-54C3-4549-BFEE-C7A11E52FF16}.64|x64.ActiveCfg = Release|Any CPU
		{976D1E43-54C3-4549-BFEE-C7A11E52FF16}.64|x64.Build.0 = Release|Any CPU
		{976D1E43-54C3-4549-BFEE-C7A11E52FF16}.64|x86.ActiveCfg = Debug|Any CPU
		{976D1E43-54C3-4549-BFEE-C7A11E52FF16}.64|x86.Build.0 = Debug|Any CPU
		{976D1E43-54C3-4549-BFEE-C7A11E52FF16}.Debug|Any CPU.ActiveCfg = Debug|Any CPU
		{976D1E43-54C3-4549-BFEE-C7A11E52FF16}.Debug|Any CPU.Build.0 = Debug|Any CPU
		{976D1E43-54C3-4549-BFEE-C7A11E52FF16}.Debug|x64.ActiveCfg = Debug|Any CPU
		{976D1E43-54C3-4549-BFEE-C7A11E52FF16}.Debug|x64.Build.0 = Debug|Any CPU
		{976D1E43-54C3-4549-BFEE-C7A11E52FF16}.Debug|x86.ActiveCfg = Debug|Any CPU
		{976D1E43-54C3-4549-BFEE-C7A11E52FF16}.Debug|x86.Build.0 = Debug|Any CPU
		{976D1E43-54C3-4549-BFEE-C7A11E52FF16}.Release|Any CPU.ActiveCfg = Release|Any CPU
		{976D1E43-54C3-4549-BFEE-C7A11E52FF16}.Release|Any CPU.Build.0 = Release|Any CPU
		{976D1E43-54C3-4549-BFEE-C7A11E52FF16}.Release|x64.ActiveCfg = Release|Any CPU
		{976D1E43-54C3-4549-BFEE-C7A11E52FF16}.Release|x64.Build.0 = Release|Any CPU
		{976D1E43-54C3-4549-BFEE-C7A11E52FF16}.Release|x86.ActiveCfg = Release|Any CPU
		{976D1E43-54C3-4549-BFEE-C7A11E52FF16}.Release|x86.Build.0 = Release|Any CPU
		{976D1E43-54C3-4549-BFEE-C7A11E52FF16}.tmp|Any CPU.ActiveCfg = Release|Any CPU
		{976D1E43-54C3-4549-BFEE-C7A11E52FF16}.tmp|Any CPU.Build.0 = Release|Any CPU
		{976D1E43-54C3-4549-BFEE-C7A11E52FF16}.tmp|x64.ActiveCfg = Release|Any CPU
		{976D1E43-54C3-4549-BFEE-C7A11E52FF16}.tmp|x64.Build.0 = Release|Any CPU
		{976D1E43-54C3-4549-BFEE-C7A11E52FF16}.tmp|x86.ActiveCfg = Debug|Any CPU
		{976D1E43-54C3-4549-BFEE-C7A11E52FF16}.tmp|x86.Build.0 = Debug|Any CPU
		{D3F1ADC1-2887-4562-9741-977AE5FAF8F9}.64|Any CPU.ActiveCfg = Release|Any CPU
		{D3F1ADC1-2887-4562-9741-977AE5FAF8F9}.64|Any CPU.Build.0 = Release|Any CPU
		{D3F1ADC1-2887-4562-9741-977AE5FAF8F9}.64|x64.ActiveCfg = Release|Any CPU
		{D3F1ADC1-2887-4562-9741-977AE5FAF8F9}.64|x64.Build.0 = Release|Any CPU
		{D3F1ADC1-2887-4562-9741-977AE5FAF8F9}.64|x86.ActiveCfg = Debug|Any CPU
		{D3F1ADC1-2887-4562-9741-977AE5FAF8F9}.64|x86.Build.0 = Debug|Any CPU
		{D3F1ADC1-2887-4562-9741-977AE5FAF8F9}.Debug|Any CPU.ActiveCfg = Debug|Any CPU
		{D3F1ADC1-2887-4562-9741-977AE5FAF8F9}.Debug|Any CPU.Build.0 = Debug|Any CPU
		{D3F1ADC1-2887-4562-9741-977AE5FAF8F9}.Debug|x64.ActiveCfg = Debug|Any CPU
		{D3F1ADC1-2887-4562-9741-977AE5FAF8F9}.Debug|x64.Build.0 = Debug|Any CPU
		{D3F1ADC1-2887-4562-9741-977AE5FAF8F9}.Debug|x86.ActiveCfg = Debug|Any CPU
		{D3F1ADC1-2887-4562-9741-977AE5FAF8F9}.Debug|x86.Build.0 = Debug|Any CPU
		{D3F1ADC1-2887-4562-9741-977AE5FAF8F9}.Release|Any CPU.ActiveCfg = Release|Any CPU
		{D3F1ADC1-2887-4562-9741-977AE5FAF8F9}.Release|Any CPU.Build.0 = Release|Any CPU
		{D3F1ADC1-2887-4562-9741-977AE5FAF8F9}.Release|x64.ActiveCfg = Release|Any CPU
		{D3F1ADC1-2887-4562-9741-977AE5FAF8F9}.Release|x64.Build.0 = Release|Any CPU
		{D3F1ADC1-2887-4562-9741-977AE5FAF8F9}.Release|x86.ActiveCfg = Release|Any CPU
		{D3F1ADC1-2887-4562-9741-977AE5FAF8F9}.Release|x86.Build.0 = Release|Any CPU
		{D3F1ADC1-2887-4562-9741-977AE5FAF8F9}.tmp|Any CPU.ActiveCfg = Release|Any CPU
		{D3F1ADC1-2887-4562-9741-977AE5FAF8F9}.tmp|Any CPU.Build.0 = Release|Any CPU
		{D3F1ADC1-2887-4562-9741-977AE5FAF8F9}.tmp|x64.ActiveCfg = Release|Any CPU
		{D3F1ADC1-2887-4562-9741-977AE5FAF8F9}.tmp|x64.Build.0 = Release|Any CPU
		{D3F1ADC1-2887-4562-9741-977AE5FAF8F9}.tmp|x86.ActiveCfg = Debug|Any CPU
		{D3F1ADC1-2887-4562-9741-977AE5FAF8F9}.tmp|x86.Build.0 = Debug|Any CPU
		{D2A6870D-7F77-48B5-A105-0CEC940356EC}.64|Any CPU.ActiveCfg = Release|Any CPU
		{D2A6870D-7F77-48B5-A105-0CEC940356EC}.64|Any CPU.Build.0 = Release|Any CPU
		{D2A6870D-7F77-48B5-A105-0CEC940356EC}.64|x64.ActiveCfg = Release|Any CPU
		{D2A6870D-7F77-48B5-A105-0CEC940356EC}.64|x64.Build.0 = Release|Any CPU
		{D2A6870D-7F77-48B5-A105-0CEC940356EC}.64|x86.ActiveCfg = Debug|Any CPU
		{D2A6870D-7F77-48B5-A105-0CEC940356EC}.64|x86.Build.0 = Debug|Any CPU
		{D2A6870D-7F77-48B5-A105-0CEC940356EC}.Debug|Any CPU.ActiveCfg = Debug|Any CPU
		{D2A6870D-7F77-48B5-A105-0CEC940356EC}.Debug|Any CPU.Build.0 = Debug|Any CPU
		{D2A6870D-7F77-48B5-A105-0CEC940356EC}.Debug|x64.ActiveCfg = Debug|Any CPU
		{D2A6870D-7F77-48B5-A105-0CEC940356EC}.Debug|x64.Build.0 = Debug|Any CPU
		{D2A6870D-7F77-48B5-A105-0CEC940356EC}.Debug|x86.ActiveCfg = Debug|Any CPU
		{D2A6870D-7F77-48B5-A105-0CEC940356EC}.Debug|x86.Build.0 = Debug|Any CPU
		{D2A6870D-7F77-48B5-A105-0CEC940356EC}.Release|Any CPU.ActiveCfg = Release|Any CPU
		{D2A6870D-7F77-48B5-A105-0CEC940356EC}.Release|Any CPU.Build.0 = Release|Any CPU
		{D2A6870D-7F77-48B5-A105-0CEC940356EC}.Release|x64.ActiveCfg = Release|Any CPU
		{D2A6870D-7F77-48B5-A105-0CEC940356EC}.Release|x64.Build.0 = Release|Any CPU
		{D2A6870D-7F77-48B5-A105-0CEC940356EC}.Release|x86.ActiveCfg = Release|Any CPU
		{D2A6870D-7F77-48B5-A105-0CEC940356EC}.Release|x86.Build.0 = Release|Any CPU
		{D2A6870D-7F77-48B5-A105-0CEC940356EC}.tmp|Any CPU.ActiveCfg = Release|Any CPU
		{D2A6870D-7F77-48B5-A105-0CEC940356EC}.tmp|Any CPU.Build.0 = Release|Any CPU
		{D2A6870D-7F77-48B5-A105-0CEC940356EC}.tmp|x64.ActiveCfg = Release|Any CPU
		{D2A6870D-7F77-48B5-A105-0CEC940356EC}.tmp|x64.Build.0 = Release|Any CPU
		{D2A6870D-7F77-48B5-A105-0CEC940356EC}.tmp|x86.ActiveCfg = Debug|Any CPU
		{D2A6870D-7F77-48B5-A105-0CEC940356EC}.tmp|x86.Build.0 = Debug|Any CPU
		{6B260A3E-47B7-4A81-9746-5E5A8F374C19}.64|Any CPU.ActiveCfg = Release|Any CPU
		{6B260A3E-47B7-4A81-9746-5E5A8F374C19}.64|Any CPU.Build.0 = Release|Any CPU
		{6B260A3E-47B7-4A81-9746-5E5A8F374C19}.64|x64.ActiveCfg = Release|Any CPU
		{6B260A3E-47B7-4A81-9746-5E5A8F374C19}.64|x64.Build.0 = Release|Any CPU
		{6B260A3E-47B7-4A81-9746-5E5A8F374C19}.64|x86.ActiveCfg = Debug|Any CPU
		{6B260A3E-47B7-4A81-9746-5E5A8F374C19}.64|x86.Build.0 = Debug|Any CPU
		{6B260A3E-47B7-4A81-9746-5E5A8F374C19}.Debug|Any CPU.ActiveCfg = Debug|Any CPU
		{6B260A3E-47B7-4A81-9746-5E5A8F374C19}.Debug|Any CPU.Build.0 = Debug|Any CPU
		{6B260A3E-47B7-4A81-9746-5E5A8F374C19}.Debug|x64.ActiveCfg = Debug|Any CPU
		{6B260A3E-47B7-4A81-9746-5E5A8F374C19}.Debug|x64.Build.0 = Debug|Any CPU
		{6B260A3E-47B7-4A81-9746-5E5A8F374C19}.Debug|x86.ActiveCfg = Debug|Any CPU
		{6B260A3E-47B7-4A81-9746-5E5A8F374C19}.Debug|x86.Build.0 = Debug|Any CPU
		{6B260A3E-47B7-4A81-9746-5E5A8F374C19}.Release|Any CPU.ActiveCfg = Release|Any CPU
		{6B260A3E-47B7-4A81-9746-5E5A8F374C19}.Release|Any CPU.Build.0 = Release|Any CPU
		{6B260A3E-47B7-4A81-9746-5E5A8F374C19}.Release|x64.ActiveCfg = Release|Any CPU
		{6B260A3E-47B7-4A81-9746-5E5A8F374C19}.Release|x64.Build.0 = Release|Any CPU
		{6B260A3E-47B7-4A81-9746-5E5A8F374C19}.Release|x86.ActiveCfg = Release|Any CPU
		{6B260A3E-47B7-4A81-9746-5E5A8F374C19}.Release|x86.Build.0 = Release|Any CPU
		{6B260A3E-47B7-4A81-9746-5E5A8F374C19}.tmp|Any CPU.ActiveCfg = Release|Any CPU
		{6B260A3E-47B7-4A81-9746-5E5A8F374C19}.tmp|Any CPU.Build.0 = Release|Any CPU
		{6B260A3E-47B7-4A81-9746-5E5A8F374C19}.tmp|x64.ActiveCfg = Release|Any CPU
		{6B260A3E-47B7-4A81-9746-5E5A8F374C19}.tmp|x64.Build.0 = Release|Any CPU
		{6B260A3E-47B7-4A81-9746-5E5A8F374C19}.tmp|x86.ActiveCfg = Debug|Any CPU
		{6B260A3E-47B7-4A81-9746-5E5A8F374C19}.tmp|x86.Build.0 = Debug|Any CPU
		{210D7E5F-65D3-4867-A238-A253B3F83AD4}.64|Any CPU.ActiveCfg = Release|Any CPU
		{210D7E5F-65D3-4867-A238-A253B3F83AD4}.64|Any CPU.Build.0 = Release|Any CPU
		{210D7E5F-65D3-4867-A238-A253B3F83AD4}.64|x64.ActiveCfg = Release|Any CPU
		{210D7E5F-65D3-4867-A238-A253B3F83AD4}.64|x64.Build.0 = Release|Any CPU
		{210D7E5F-65D3-4867-A238-A253B3F83AD4}.64|x86.ActiveCfg = Release|Any CPU
		{210D7E5F-65D3-4867-A238-A253B3F83AD4}.64|x86.Build.0 = Release|Any CPU
		{210D7E5F-65D3-4867-A238-A253B3F83AD4}.Debug|Any CPU.ActiveCfg = Debug|Any CPU
		{210D7E5F-65D3-4867-A238-A253B3F83AD4}.Debug|Any CPU.Build.0 = Debug|Any CPU
		{210D7E5F-65D3-4867-A238-A253B3F83AD4}.Debug|x64.ActiveCfg = Debug|Any CPU
		{210D7E5F-65D3-4867-A238-A253B3F83AD4}.Debug|x64.Build.0 = Debug|Any CPU
		{210D7E5F-65D3-4867-A238-A253B3F83AD4}.Debug|x86.ActiveCfg = Debug|Any CPU
		{210D7E5F-65D3-4867-A238-A253B3F83AD4}.Debug|x86.Build.0 = Debug|Any CPU
		{210D7E5F-65D3-4867-A238-A253B3F83AD4}.Release|Any CPU.ActiveCfg = Release|Any CPU
		{210D7E5F-65D3-4867-A238-A253B3F83AD4}.Release|Any CPU.Build.0 = Release|Any CPU
		{210D7E5F-65D3-4867-A238-A253B3F83AD4}.Release|x64.ActiveCfg = Release|Any CPU
		{210D7E5F-65D3-4867-A238-A253B3F83AD4}.Release|x64.Build.0 = Release|Any CPU
		{210D7E5F-65D3-4867-A238-A253B3F83AD4}.Release|x86.ActiveCfg = Release|Any CPU
		{210D7E5F-65D3-4867-A238-A253B3F83AD4}.Release|x86.Build.0 = Release|Any CPU
		{210D7E5F-65D3-4867-A238-A253B3F83AD4}.tmp|Any CPU.ActiveCfg = Release|Any CPU
		{210D7E5F-65D3-4867-A238-A253B3F83AD4}.tmp|Any CPU.Build.0 = Release|Any CPU
		{210D7E5F-65D3-4867-A238-A253B3F83AD4}.tmp|x64.ActiveCfg = Release|Any CPU
		{210D7E5F-65D3-4867-A238-A253B3F83AD4}.tmp|x64.Build.0 = Release|Any CPU
		{210D7E5F-65D3-4867-A238-A253B3F83AD4}.tmp|x86.ActiveCfg = Release|Any CPU
		{210D7E5F-65D3-4867-A238-A253B3F83AD4}.tmp|x86.Build.0 = Release|Any CPU
		{9DFCC512-492D-46E9-BB36-7174E1592680}.64|Any CPU.ActiveCfg = Release|Any CPU
		{9DFCC512-492D-46E9-BB36-7174E1592680}.64|Any CPU.Build.0 = Release|Any CPU
		{9DFCC512-492D-46E9-BB36-7174E1592680}.64|x64.ActiveCfg = Release|Any CPU
		{9DFCC512-492D-46E9-BB36-7174E1592680}.64|x64.Build.0 = Release|Any CPU
		{9DFCC512-492D-46E9-BB36-7174E1592680}.64|x86.ActiveCfg = Release|Any CPU
		{9DFCC512-492D-46E9-BB36-7174E1592680}.64|x86.Build.0 = Release|Any CPU
		{9DFCC512-492D-46E9-BB36-7174E1592680}.Debug|Any CPU.ActiveCfg = Debug|Any CPU
		{9DFCC512-492D-46E9-BB36-7174E1592680}.Debug|Any CPU.Build.0 = Debug|Any CPU
		{9DFCC512-492D-46E9-BB36-7174E1592680}.Debug|x64.ActiveCfg = Debug|Any CPU
		{9DFCC512-492D-46E9-BB36-7174E1592680}.Debug|x64.Build.0 = Debug|Any CPU
		{9DFCC512-492D-46E9-BB36-7174E1592680}.Debug|x86.ActiveCfg = Debug|Any CPU
		{9DFCC512-492D-46E9-BB36-7174E1592680}.Debug|x86.Build.0 = Debug|Any CPU
		{9DFCC512-492D-46E9-BB36-7174E1592680}.Release|Any CPU.ActiveCfg = Release|Any CPU
		{9DFCC512-492D-46E9-BB36-7174E1592680}.Release|Any CPU.Build.0 = Release|Any CPU
		{9DFCC512-492D-46E9-BB36-7174E1592680}.Release|x64.ActiveCfg = Release|Any CPU
		{9DFCC512-492D-46E9-BB36-7174E1592680}.Release|x64.Build.0 = Release|Any CPU
		{9DFCC512-492D-46E9-BB36-7174E1592680}.Release|x86.ActiveCfg = Release|Any CPU
		{9DFCC512-492D-46E9-BB36-7174E1592680}.Release|x86.Build.0 = Release|Any CPU
		{9DFCC512-492D-46E9-BB36-7174E1592680}.tmp|Any CPU.ActiveCfg = Release|Any CPU
		{9DFCC512-492D-46E9-BB36-7174E1592680}.tmp|Any CPU.Build.0 = Release|Any CPU
		{9DFCC512-492D-46E9-BB36-7174E1592680}.tmp|x64.ActiveCfg = Release|Any CPU
		{9DFCC512-492D-46E9-BB36-7174E1592680}.tmp|x64.Build.0 = Release|Any CPU
		{9DFCC512-492D-46E9-BB36-7174E1592680}.tmp|x86.ActiveCfg = Release|Any CPU
		{9DFCC512-492D-46E9-BB36-7174E1592680}.tmp|x86.Build.0 = Release|Any CPU
		{75D3CB87-A2C3-40C9-A9C7-779C9535FF80}.64|Any CPU.ActiveCfg = Release|Any CPU
		{75D3CB87-A2C3-40C9-A9C7-779C9535FF80}.64|Any CPU.Build.0 = Release|Any CPU
		{75D3CB87-A2C3-40C9-A9C7-779C9535FF80}.64|x64.ActiveCfg = Release|Any CPU
		{75D3CB87-A2C3-40C9-A9C7-779C9535FF80}.64|x64.Build.0 = Release|Any CPU
		{75D3CB87-A2C3-40C9-A9C7-779C9535FF80}.64|x86.ActiveCfg = Release|Any CPU
		{75D3CB87-A2C3-40C9-A9C7-779C9535FF80}.64|x86.Build.0 = Release|Any CPU
		{75D3CB87-A2C3-40C9-A9C7-779C9535FF80}.Debug|Any CPU.ActiveCfg = Debug|Any CPU
		{75D3CB87-A2C3-40C9-A9C7-779C9535FF80}.Debug|Any CPU.Build.0 = Debug|Any CPU
		{75D3CB87-A2C3-40C9-A9C7-779C9535FF80}.Debug|x64.ActiveCfg = Debug|Any CPU
		{75D3CB87-A2C3-40C9-A9C7-779C9535FF80}.Debug|x64.Build.0 = Debug|Any CPU
		{75D3CB87-A2C3-40C9-A9C7-779C9535FF80}.Debug|x86.ActiveCfg = Debug|Any CPU
		{75D3CB87-A2C3-40C9-A9C7-779C9535FF80}.Debug|x86.Build.0 = Debug|Any CPU
		{75D3CB87-A2C3-40C9-A9C7-779C9535FF80}.Release|Any CPU.ActiveCfg = Release|Any CPU
		{75D3CB87-A2C3-40C9-A9C7-779C9535FF80}.Release|Any CPU.Build.0 = Release|Any CPU
		{75D3CB87-A2C3-40C9-A9C7-779C9535FF80}.Release|x64.ActiveCfg = Release|Any CPU
		{75D3CB87-A2C3-40C9-A9C7-779C9535FF80}.Release|x64.Build.0 = Release|Any CPU
		{75D3CB87-A2C3-40C9-A9C7-779C9535FF80}.Release|x86.ActiveCfg = Release|Any CPU
		{75D3CB87-A2C3-40C9-A9C7-779C9535FF80}.Release|x86.Build.0 = Release|Any CPU
		{75D3CB87-A2C3-40C9-A9C7-779C9535FF80}.tmp|Any CPU.ActiveCfg = Release|Any CPU
		{75D3CB87-A2C3-40C9-A9C7-779C9535FF80}.tmp|Any CPU.Build.0 = Release|Any CPU
		{75D3CB87-A2C3-40C9-A9C7-779C9535FF80}.tmp|x64.ActiveCfg = Release|Any CPU
		{75D3CB87-A2C3-40C9-A9C7-779C9535FF80}.tmp|x64.Build.0 = Release|Any CPU
		{75D3CB87-A2C3-40C9-A9C7-779C9535FF80}.tmp|x86.ActiveCfg = Release|Any CPU
		{75D3CB87-A2C3-40C9-A9C7-779C9535FF80}.tmp|x86.Build.0 = Release|Any CPU
		{DB18DB58-487D-45E5-B3EE-5474179B34C6}.64|Any CPU.ActiveCfg = Release|Any CPU
		{DB18DB58-487D-45E5-B3EE-5474179B34C6}.64|Any CPU.Build.0 = Release|Any CPU
		{DB18DB58-487D-45E5-B3EE-5474179B34C6}.64|x64.ActiveCfg = Release|Any CPU
		{DB18DB58-487D-45E5-B3EE-5474179B34C6}.64|x64.Build.0 = Release|Any CPU
		{DB18DB58-487D-45E5-B3EE-5474179B34C6}.64|x86.ActiveCfg = Release|Any CPU
		{DB18DB58-487D-45E5-B3EE-5474179B34C6}.64|x86.Build.0 = Release|Any CPU
		{DB18DB58-487D-45E5-B3EE-5474179B34C6}.Debug|Any CPU.ActiveCfg = Debug|Any CPU
		{DB18DB58-487D-45E5-B3EE-5474179B34C6}.Debug|Any CPU.Build.0 = Debug|Any CPU
		{DB18DB58-487D-45E5-B3EE-5474179B34C6}.Debug|x64.ActiveCfg = Debug|Any CPU
		{DB18DB58-487D-45E5-B3EE-5474179B34C6}.Debug|x64.Build.0 = Debug|Any CPU
		{DB18DB58-487D-45E5-B3EE-5474179B34C6}.Debug|x86.ActiveCfg = Debug|Any CPU
		{DB18DB58-487D-45E5-B3EE-5474179B34C6}.Debug|x86.Build.0 = Debug|Any CPU
		{DB18DB58-487D-45E5-B3EE-5474179B34C6}.Release|Any CPU.ActiveCfg = Release|Any CPU
		{DB18DB58-487D-45E5-B3EE-5474179B34C6}.Release|Any CPU.Build.0 = Release|Any CPU
		{DB18DB58-487D-45E5-B3EE-5474179B34C6}.Release|x64.ActiveCfg = Release|Any CPU
		{DB18DB58-487D-45E5-B3EE-5474179B34C6}.Release|x64.Build.0 = Release|Any CPU
		{DB18DB58-487D-45E5-B3EE-5474179B34C6}.Release|x86.ActiveCfg = Release|Any CPU
		{DB18DB58-487D-45E5-B3EE-5474179B34C6}.Release|x86.Build.0 = Release|Any CPU
		{DB18DB58-487D-45E5-B3EE-5474179B34C6}.tmp|Any CPU.ActiveCfg = Release|Any CPU
		{DB18DB58-487D-45E5-B3EE-5474179B34C6}.tmp|Any CPU.Build.0 = Release|Any CPU
		{DB18DB58-487D-45E5-B3EE-5474179B34C6}.tmp|x64.ActiveCfg = Release|Any CPU
		{DB18DB58-487D-45E5-B3EE-5474179B34C6}.tmp|x64.Build.0 = Release|Any CPU
		{DB18DB58-487D-45E5-B3EE-5474179B34C6}.tmp|x86.ActiveCfg = Release|Any CPU
		{DB18DB58-487D-45E5-B3EE-5474179B34C6}.tmp|x86.Build.0 = Release|Any CPU
		{C0B6A7FA-20C1-49BB-AA06-A3643572A8B6}.64|Any CPU.ActiveCfg = Release|Any CPU
		{C0B6A7FA-20C1-49BB-AA06-A3643572A8B6}.64|Any CPU.Build.0 = Release|Any CPU
		{C0B6A7FA-20C1-49BB-AA06-A3643572A8B6}.64|x64.ActiveCfg = Release|Any CPU
		{C0B6A7FA-20C1-49BB-AA06-A3643572A8B6}.64|x64.Build.0 = Release|Any CPU
		{C0B6A7FA-20C1-49BB-AA06-A3643572A8B6}.64|x86.ActiveCfg = Release|Any CPU
		{C0B6A7FA-20C1-49BB-AA06-A3643572A8B6}.64|x86.Build.0 = Release|Any CPU
		{C0B6A7FA-20C1-49BB-AA06-A3643572A8B6}.Debug|Any CPU.ActiveCfg = Debug|Any CPU
		{C0B6A7FA-20C1-49BB-AA06-A3643572A8B6}.Debug|Any CPU.Build.0 = Debug|Any CPU
		{C0B6A7FA-20C1-49BB-AA06-A3643572A8B6}.Debug|x64.ActiveCfg = Debug|Any CPU
		{C0B6A7FA-20C1-49BB-AA06-A3643572A8B6}.Debug|x64.Build.0 = Debug|Any CPU
		{C0B6A7FA-20C1-49BB-AA06-A3643572A8B6}.Debug|x86.ActiveCfg = Debug|Any CPU
		{C0B6A7FA-20C1-49BB-AA06-A3643572A8B6}.Debug|x86.Build.0 = Debug|Any CPU
		{C0B6A7FA-20C1-49BB-AA06-A3643572A8B6}.Release|Any CPU.ActiveCfg = Release|Any CPU
		{C0B6A7FA-20C1-49BB-AA06-A3643572A8B6}.Release|Any CPU.Build.0 = Release|Any CPU
		{C0B6A7FA-20C1-49BB-AA06-A3643572A8B6}.Release|x64.ActiveCfg = Release|Any CPU
		{C0B6A7FA-20C1-49BB-AA06-A3643572A8B6}.Release|x64.Build.0 = Release|Any CPU
		{C0B6A7FA-20C1-49BB-AA06-A3643572A8B6}.Release|x86.ActiveCfg = Release|Any CPU
		{C0B6A7FA-20C1-49BB-AA06-A3643572A8B6}.Release|x86.Build.0 = Release|Any CPU
		{C0B6A7FA-20C1-49BB-AA06-A3643572A8B6}.tmp|Any CPU.ActiveCfg = Release|Any CPU
		{C0B6A7FA-20C1-49BB-AA06-A3643572A8B6}.tmp|Any CPU.Build.0 = Release|Any CPU
		{C0B6A7FA-20C1-49BB-AA06-A3643572A8B6}.tmp|x64.ActiveCfg = Release|Any CPU
		{C0B6A7FA-20C1-49BB-AA06-A3643572A8B6}.tmp|x64.Build.0 = Release|Any CPU
		{C0B6A7FA-20C1-49BB-AA06-A3643572A8B6}.tmp|x86.ActiveCfg = Release|Any CPU
		{C0B6A7FA-20C1-49BB-AA06-A3643572A8B6}.tmp|x86.Build.0 = Release|Any CPU
	EndGlobalSection
	GlobalSection(SolutionProperties) = preSolution
		HideSolutionNode = FALSE
	EndGlobalSection
	GlobalSection(ExtensibilityGlobals) = postSolution
		SolutionGuid = {C5E3FD99-07FA-48EC-9374-85BBEB07BB3F}
	EndGlobalSection
EndGlobal
